PODS:
  - HRLAlgorithms (1.0.0)
  - HRLClassifier (1.0.0):
    - HRLAlgorithms (~> 1.0)

DEPENDENCIES:
  - HRLClassifier (from `../`)

EXTERNAL SOURCES:
  HRLClassifier:
    :path: "../"

SPEC CHECKSUMS:
  HRLAlgorithms: 817ad890e31274836c712bf0e20dc097f21edd12
  HRLClassifier: ba03d60bc65a13fd657ecd5b18e6e1b88bf32fdb

PODFILE CHECKSUM: 17d030c56d744624ca7ae14883b5424ddbe5565b

COCOAPODS: 1.1.1
