// !$*UTF8*$!
{
	archiveVersion = 1;
	classes = {
	};
	objectVersion = 46;
	objects = {

/* Begin PBXBuildFile section */
		E2A90DD1866D88145DCB96DE /* Pods_HRLClassifier_Tests.framework in Frameworks */ = {isa = PBXBuildFile; fileRef = 1BEB8A9CC53CD0DD5522F997 /* Pods_HRLClassifier_Tests.framework */; };
		FF5B51C91E22C8A90035D14A /* HelperDate.swift in Sources */ = {isa = PBXBuildFile; fileRef = FF5B51C71E22C8A90035D14A /* HelperDate.swift */; };
		FF5B51CA1E22C8A90035D14A /* HelperRecord.swift in Sources */ = {isa = PBXBuildFile; fileRef = FF5B51C81E22C8A90035D14A /* HelperRecord.swift */; };
		FF5B51D01E22C8CC0035D14A /* TestDoubleMatrix.swift in Sources */ = {isa = PBXBuildFile; fileRef = FF5B51CC1E22C8CC0035D14A /* TestDoubleMatrix.swift */; };
		FF5B51D11E22C8CC0035D14A /* TestDoubleMatrixSplitter.swift in Sources */ = {isa = PBXBuildFile; fileRef = FF5B51CD1E22C8CC0035D14A /* TestDoubleMatrixSplitter.swift */; };
		FF5B51D21E22C8CC0035D14A /* TestDoubleTrainedKNNClassifier.swift in Sources */ = {isa = PBXBuildFile; fileRef = FF5B51CE1E22C8CC0035D14A /* TestDoubleTrainedKNNClassifier.swift */; };
		FF5B51D31E22C8CC0035D14A /* TestDoubleTrainedKNNClassifierFactory.swift in Sources */ = {isa = PBXBuildFile; fileRef = FF5B51CF1E22C8CC0035D14A /* TestDoubleTrainedKNNClassifierFactory.swift */; };
		FF5B51D51E22C8D50035D14A /* ClassifierFactoryTest.swift in Sources */ = {isa = PBXBuildFile; fileRef = FF5B51D41E22C8D50035D14A /* ClassifierFactoryTest.swift */; };
		FFA999281E1466EF00BFDD09 /* DataFrameTest.swift in Sources */ = {isa = PBXBuildFile; fileRef = FFA999251E1466EF00BFDD09 /* DataFrameTest.swift */; };
		FFA999291E1466EF00BFDD09 /* RecordTest.swift in Sources */ = {isa = PBXBuildFile; fileRef = FFA999261E1466EF00BFDD09 /* RecordTest.swift */; };
		FFA9AC951E22E01E00F81886 /* ClassifierTest.swift in Sources */ = {isa = PBXBuildFile; fileRef = FFA9AC931E22E01E00F81886 /* ClassifierTest.swift */; };
		FFA9AC961E22E01E00F81886 /* WorkingOutTest.swift in Sources */ = {isa = PBXBuildFile; fileRef = FFA9AC941E22E01E00F81886 /* WorkingOutTest.swift */; };
/* End PBXBuildFile section */

/* Begin PBXFileReference section */
		1BEB8A9CC53CD0DD5522F997 /* Pods_HRLClassifier_Tests.framework */ = {isa = PBXFileReference; explicitFileType = wrapper.framework; includeInIndex = 0; path = Pods_HRLClassifier_Tests.framework; sourceTree = BUILT_PRODUCTS_DIR; };
		5FF425E95BBD0F396AA00D06 /* LICENSE */ = {isa = PBXFileReference; includeInIndex = 1; lastKnownFileType = text; name = LICENSE; path = ../LICENSE; sourceTree = "<group>"; };
		607FACE51AFB9204008FA782 /* HRLClassifier_Tests.xctest */ = {isa = PBXFileReference; explicitFileType = wrapper.cfbundle; includeInIndex = 0; path = HRLClassifier_Tests.xctest; sourceTree = BUILT_PRODUCTS_DIR; };
		607FACEA1AFB9204008FA782 /* Info.plist */ = {isa = PBXFileReference; lastKnownFileType = text.plist.xml; path = Info.plist; sourceTree = "<group>"; };
		6CBE9ACD760F69591522B5C0 /* README.md */ = {isa = PBXFileReference; includeInIndex = 1; lastKnownFileType = net.daringfireball.markdown; name = README.md; path = ../README.md; sourceTree = "<group>"; };
		A3CD24E10649C2071C8E1F44 /* HRLClassifier.podspec */ = {isa = PBXFileReference; includeInIndex = 1; lastKnownFileType = text; name = HRLClassifier.podspec; path = ../HRLClassifier.podspec; sourceTree = "<group>"; };
		BFF68A35DA9BC3940B685B15 /* Pods-HRLClassifier_Tests.release.xcconfig */ = {isa = PBXFileReference; includeInIndex = 1; lastKnownFileType = text.xcconfig; name = "Pods-HRLClassifier_Tests.release.xcconfig"; path = "Pods/Target Support Files/Pods-HRLClassifier_Tests/Pods-HRLClassifier_Tests.release.xcconfig"; sourceTree = "<group>"; };
		FE25BEE8145C8B28AF2C3C5C /* Pods-HRLClassifier_Tests.debug.xcconfig */ = {isa = PBXFileReference; includeInIndex = 1; lastKnownFileType = text.xcconfig; name = "Pods-HRLClassifier_Tests.debug.xcconfig"; path = "Pods/Target Support Files/Pods-HRLClassifier_Tests/Pods-HRLClassifier_Tests.debug.xcconfig"; sourceTree = "<group>"; };
		FF5B51C71E22C8A90035D14A /* HelperDate.swift */ = {isa = PBXFileReference; fileEncoding = 4; lastKnownFileType = sourcecode.swift; path = HelperDate.swift; sourceTree = "<group>"; };
		FF5B51C81E22C8A90035D14A /* HelperRecord.swift */ = {isa = PBXFileReference; fileEncoding = 4; lastKnownFileType = sourcecode.swift; path = HelperRecord.swift; sourceTree = "<group>"; };
		FF5B51CC1E22C8CC0035D14A /* TestDoubleMatrix.swift */ = {isa = PBXFileReference; fileEncoding = 4; lastKnownFileType = sourcecode.swift; path = TestDoubleMatrix.swift; sourceTree = "<group>"; };
		FF5B51CD1E22C8CC0035D14A /* TestDoubleMatrixSplitter.swift */ = {isa = PBXFileReference; fileEncoding = 4; lastKnownFileType = sourcecode.swift; path = TestDoubleMatrixSplitter.swift; sourceTree = "<group>"; };
		FF5B51CE1E22C8CC0035D14A /* TestDoubleTrainedKNNClassifier.swift */ = {isa = PBXFileReference; fileEncoding = 4; lastKnownFileType = sourcecode.swift; path = TestDoubleTrainedKNNClassifier.swift; sourceTree = "<group>"; };
		FF5B51CF1E22C8CC0035D14A /* TestDoubleTrainedKNNClassifierFactory.swift */ = {isa = PBXFileReference; fileEncoding = 4; lastKnownFileType = sourcecode.swift; path = TestDoubleTrainedKNNClassifierFactory.swift; sourceTree = "<group>"; };
		FF5B51D41E22C8D50035D14A /* ClassifierFactoryTest.swift */ = {isa = PBXFileReference; fileEncoding = 4; lastKnownFileType = sourcecode.swift; path = ClassifierFactoryTest.swift; sourceTree = "<group>"; };
		FFA999251E1466EF00BFDD09 /* DataFrameTest.swift */ = {isa = PBXFileReference; fileEncoding = 4; lastKnownFileType = sourcecode.swift; path = DataFrameTest.swift; sourceTree = "<group>"; };
		FFA999261E1466EF00BFDD09 /* RecordTest.swift */ = {isa = PBXFileReference; fileEncoding = 4; lastKnownFileType = sourcecode.swift; path = RecordTest.swift; sourceTree = "<group>"; };
		FFA9AC931E22E01E00F81886 /* ClassifierTest.swift */ = {isa = PBXFileReference; fileEncoding = 4; lastKnownFileType = sourcecode.swift; path = ClassifierTest.swift; sourceTree = "<group>"; };
		FFA9AC941E22E01E00F81886 /* WorkingOutTest.swift */ = {isa = PBXFileReference; fileEncoding = 4; lastKnownFileType = sourcecode.swift; path = WorkingOutTest.swift; sourceTree = "<group>"; };
/* End PBXFileReference section */

/* Begin PBXFrameworksBuildPhase section */
		607FACE21AFB9204008FA782 /* Frameworks */ = {
			isa = PBXFrameworksBuildPhase;
			buildActionMask = 2147483647;
			files = (
				E2A90DD1866D88145DCB96DE /* Pods_HRLClassifier_Tests.framework in Frameworks */,
			);
			runOnlyForDeploymentPostprocessing = 0;
		};
/* End PBXFrameworksBuildPhase section */

/* Begin PBXGroup section */
		4ADCDC6D36CA2EFD7D9611FE /* Pods */ = {
			isa = PBXGroup;
			children = (
				FE25BEE8145C8B28AF2C3C5C /* Pods-HRLClassifier_Tests.debug.xcconfig */,
				BFF68A35DA9BC3940B685B15 /* Pods-HRLClassifier_Tests.release.xcconfig */,
			);
			name = Pods;
			sourceTree = "<group>";
		};
		4B203BBB16C2F97D3CF2A2A2 /* Frameworks */ = {
			isa = PBXGroup;
			children = (
				1BEB8A9CC53CD0DD5522F997 /* Pods_HRLClassifier_Tests.framework */,
			);
			name = Frameworks;
			sourceTree = "<group>";
		};
		607FACC71AFB9204008FA782 = {
			isa = PBXGroup;
			children = (
				607FACF51AFB993E008FA782 /* Podspec Metadata */,
				607FACE81AFB9204008FA782 /* Tests */,
				607FACD11AFB9204008FA782 /* Products */,
				4ADCDC6D36CA2EFD7D9611FE /* Pods */,
				4B203BBB16C2F97D3CF2A2A2 /* Frameworks */,
			);
			sourceTree = "<group>";
		};
		607FACD11AFB9204008FA782 /* Products */ = {
			isa = PBXGroup;
			children = (
				607FACE51AFB9204008FA782 /* HRLClassifier_Tests.xctest */,
			);
			name = Products;
			sourceTree = "<group>";
		};
		607FACE81AFB9204008FA782 /* Tests */ = {
			isa = PBXGroup;
			children = (
				FF5B51C61E22C8990035D14A /* Helpers */,
				FFA9AC921E22E00800F81886 /* Internal */,
				FF5B51CB1E22C8B20035D14A /* TestDoubles */,
				FF5B51D41E22C8D50035D14A /* ClassifierFactoryTest.swift */,
				FFA999251E1466EF00BFDD09 /* DataFrameTest.swift */,
				FFA999261E1466EF00BFDD09 /* RecordTest.swift */,
				607FACE91AFB9204008FA782 /* Supporting Files */,
			);
			path = Tests;
			sourceTree = "<group>";
		};
		607FACE91AFB9204008FA782 /* Supporting Files */ = {
			isa = PBXGroup;
			children = (
				607FACEA1AFB9204008FA782 /* Info.plist */,
			);
			name = "Supporting Files";
			sourceTree = "<group>";
		};
		607FACF51AFB993E008FA782 /* Podspec Metadata */ = {
			isa = PBXGroup;
			children = (
				A3CD24E10649C2071C8E1F44 /* HRLClassifier.podspec */,
				6CBE9ACD760F69591522B5C0 /* README.md */,
				5FF425E95BBD0F396AA00D06 /* LICENSE */,
			);
			name = "Podspec Metadata";
			sourceTree = "<group>";
		};
		FF5B51C61E22C8990035D14A /* Helpers */ = {
			isa = PBXGroup;
			children = (
				FF5B51C71E22C8A90035D14A /* HelperDate.swift */,
				FF5B51C81E22C8A90035D14A /* HelperRecord.swift */,
			);
			path = Helpers;
			sourceTree = "<group>";
		};
		FF5B51CB1E22C8B20035D14A /* TestDoubles */ = {
			isa = PBXGroup;
			children = (
				FF5B51CC1E22C8CC0035D14A /* TestDoubleMatrix.swift */,
				FF5B51CD1E22C8CC0035D14A /* TestDoubleMatrixSplitter.swift */,
				FF5B51CE1E22C8CC0035D14A /* TestDoubleTrainedKNNClassifier.swift */,
				FF5B51CF1E22C8CC0035D14A /* TestDoubleTrainedKNNClassifierFactory.swift */,
			);
			path = TestDoubles;
			sourceTree = "<group>";
		};
		FFA9AC921E22E00800F81886 /* Internal */ = {
			isa = PBXGroup;
			children = (
				FFA9AC931E22E01E00F81886 /* ClassifierTest.swift */,
				FFA9AC941E22E01E00F81886 /* WorkingOutTest.swift */,
			);
			path = Internal;
			sourceTree = "<group>";
		};
/* End PBXGroup section */

/* Begin PBXNativeTarget section */
		607FACE41AFB9204008FA782 /* HRLClassifier_Tests */ = {
			isa = PBXNativeTarget;
			buildConfigurationList = 607FACF21AFB9204008FA782 /* Build configuration list for PBXNativeTarget "HRLClassifier_Tests" */;
			buildPhases = (
				11C1557947B4EBFEB61407C3 /* [CP] Check Pods Manifest.lock */,
				607FACE11AFB9204008FA782 /* Sources */,
				607FACE21AFB9204008FA782 /* Frameworks */,
				607FACE31AFB9204008FA782 /* Resources */,
				7232AEBF2A5ACD8CD7368642 /* [CP] Embed Pods Frameworks */,
				2632AB048D3A984DC84E1D27 /* [CP] Copy Pods Resources */,
			);
			buildRules = (
			);
			dependencies = (
			);
			name = HRLClassifier_Tests;
			productName = Tests;
			productReference = 607FACE51AFB9204008FA782 /* HRLClassifier_Tests.xctest */;
			productType = "com.apple.product-type.bundle.unit-test";
		};
/* End PBXNativeTarget section */

/* Begin PBXProject section */
		607FACC81AFB9204008FA782 /* Project object */ = {
			isa = PBXProject;
			attributes = {
				LastSwiftUpdateCheck = 0720;
				LastUpgradeCheck = 0720;
				ORGANIZATIONNAME = CocoaPods;
				TargetAttributes = {
					607FACE41AFB9204008FA782 = {
						CreatedOnToolsVersion = 6.3.1;
						LastSwiftMigration = 0820;
						TestTargetID = 607FACCF1AFB9204008FA782;
					};
				};
			};
			buildConfigurationList = 607FACCB1AFB9204008FA782 /* Build configuration list for PBXProject "HRLClassifier" */;
			compatibilityVersion = "Xcode 3.2";
			developmentRegion = English;
			hasScannedForEncodings = 0;
			knownRegions = (
				en,
				Base,
			);
			mainGroup = 607FACC71AFB9204008FA782;
			productRefGroup = 607FACD11AFB9204008FA782 /* Products */;
			projectDirPath = "";
			projectRoot = "";
			targets = (
				607FACE41AFB9204008FA782 /* HRLClassifier_Tests */,
			);
		};
/* End PBXProject section */

/* Begin PBXResourcesBuildPhase section */
		607FACE31AFB9204008FA782 /* Resources */ = {
			isa = PBXResourcesBuildPhase;
			buildActionMask = 2147483647;
			files = (
			);
			runOnlyForDeploymentPostprocessing = 0;
		};
/* End PBXResourcesBuildPhase section */

/* Begin PBXShellScriptBuildPhase section */
		11C1557947B4EBFEB61407C3 /* [CP] Check Pods Manifest.lock */ = {
			isa = PBXShellScriptBuildPhase;
			buildActionMask = 2147483647;
			files = (
			);
			inputPaths = (
			);
			name = "[CP] Check Pods Manifest.lock";
			outputPaths = (
			);
			runOnlyForDeploymentPostprocessing = 0;
			shellPath = /bin/sh;
			shellScript = "diff \"${PODS_ROOT}/../Podfile.lock\" \"${PODS_ROOT}/Manifest.lock\" > /dev/null\nif [ $? != 0 ] ; then\n    # print error to STDERR\n    echo \"error: The sandbox is not in sync with the Podfile.lock. Run 'pod install' or update your CocoaPods installation.\" >&2\n    exit 1\nfi\n";
			showEnvVarsInLog = 0;
		};
		2632AB048D3A984DC84E1D27 /* [CP] Copy Pods Resources */ = {
			isa = PBXShellScriptBuildPhase;
			buildActionMask = 2147483647;
			files = (
			);
			inputPaths = (
			);
			name = "[CP] Copy Pods Resources";
			outputPaths = (
			);
			runOnlyForDeploymentPostprocessing = 0;
			shellPath = /bin/sh;
			shellScript = "\"${SRCROOT}/Pods/Target Support Files/Pods-HRLClassifier_Tests/Pods-HRLClassifier_Tests-resources.sh\"\n";
			showEnvVarsInLog = 0;
		};
		7232AEBF2A5ACD8CD7368642 /* [CP] Embed Pods Frameworks */ = {
			isa = PBXShellScriptBuildPhase;
			buildActionMask = 2147483647;
			files = (
			);
			inputPaths = (
			);
			name = "[CP] Embed Pods Frameworks";
			outputPaths = (
			);
			runOnlyForDeploymentPostprocessing = 0;
			shellPath = /bin/sh;
			shellScript = "\"${SRCROOT}/Pods/Target Support Files/Pods-HRLClassifier_Tests/Pods-HRLClassifier_Tests-frameworks.sh\"\n";
			showEnvVarsInLog = 0;
		};
/* End PBXShellScriptBuildPhase section */

/* Begin PBXSourcesBuildPhase section */
		607FACE11AFB9204008FA782 /* Sources */ = {
			isa = PBXSourcesBuildPhase;
			buildActionMask = 2147483647;
			files = (
				FF5B51D11E22C8CC0035D14A /* TestDoubleMatrixSplitter.swift in Sources */,
				FF5B51D01E22C8CC0035D14A /* TestDoubleMatrix.swift in Sources */,
				FFA9AC961E22E01E00F81886 /* WorkingOutTest.swift in Sources */,
				FFA9AC951E22E01E00F81886 /* ClassifierTest.swift in Sources */,
				FF5B51D31E22C8CC0035D14A /* TestDoubleTrainedKNNClassifierFactory.swift in Sources */,
				FF5B51D51E22C8D50035D14A /* ClassifierFactoryTest.swift in Sources */,
				FF5B51D21E22C8CC0035D14A /* TestDoubleTrainedKNNClassifier.swift in Sources */,
				FF5B51C91E22C8A90035D14A /* HelperDate.swift in Sources */,
				FFA999281E1466EF00BFDD09 /* DataFrameTest.swift in Sources */,
				FF5B51CA1E22C8A90035D14A /* HelperRecord.swift in Sources */,
				FFA999291E1466EF00BFDD09 /* RecordTest.swift in Sources */,
			);
			runOnlyForDeploymentPostprocessing = 0;
		};
/* End PBXSourcesBuildPhase section */

/* Begin XCBuildConfiguration section */
		607FACED1AFB9204008FA782 /* Debug */ = {
			isa = XCBuildConfiguration;
			buildSettings = {
				ALWAYS_SEARCH_USER_PATHS = NO;
				CLANG_CXX_LANGUAGE_STANDARD = "gnu++0x";
				CLANG_CXX_LIBRARY = "libc++";
				CLANG_ENABLE_MODULES = YES;
				CLANG_ENABLE_OBJC_ARC = YES;
				CLANG_WARN_BOOL_CONVERSION = YES;
				CLANG_WARN_CONSTANT_CONVERSION = YES;
				CLANG_WARN_DIRECT_OBJC_ISA_USAGE = YES_ERROR;
				CLANG_WARN_EMPTY_BODY = YES;
				CLANG_WARN_ENUM_CONVERSION = YES;
				CLANG_WARN_INT_CONVERSION = YES;
				CLANG_WARN_OBJC_ROOT_CLASS = YES_ERROR;
				CLANG_WARN_UNREACHABLE_CODE = YES;
				CLANG_WARN__DUPLICATE_METHOD_MATCH = YES;
				"CODE_SIGN_IDENTITY[sdk=iphoneos*]" = "iPhone Developer";
				COPY_PHASE_STRIP = NO;
				DEBUG_INFORMATION_FORMAT = "dwarf-with-dsym";
				ENABLE_STRICT_OBJC_MSGSEND = YES;
				ENABLE_TESTABILITY = YES;
				GCC_C_LANGUAGE_STANDARD = gnu99;
				GCC_DYNAMIC_NO_PIC = NO;
				GCC_NO_COMMON_BLOCKS = YES;
				GCC_OPTIMIZATION_LEVEL = 0;
				GCC_PREPROCESSOR_DEFINITIONS = (
					"DEBUG=1",
					"$(inherited)",
				);
				GCC_SYMBOLS_PRIVATE_EXTERN = NO;
				GCC_WARN_64_TO_32_BIT_CONVERSION = YES;
				GCC_WARN_ABOUT_RETURN_TYPE = YES_ERROR;
				GCC_WARN_UNDECLARED_SELECTOR = YES;
				GCC_WARN_UNINITIALIZED_AUTOS = YES_AGGRESSIVE;
				GCC_WARN_UNUSED_FUNCTION = YES;
				GCC_WARN_UNUSED_VARIABLE = YES;
				IPHONEOS_DEPLOYMENT_TARGET = 8.3;
				MTL_ENABLE_DEBUG_INFO = YES;
				ONLY_ACTIVE_ARCH = YES;
				SDKROOT = iphoneos;
				SWIFT_OPTIMIZATION_LEVEL = "-Onone";
			};
			name = Debug;
		};
		607FACEE1AFB9204008FA782 /* Release */ = {
			isa = XCBuildConfiguration;
			buildSettings = {
				ALWAYS_SEARCH_USER_PATHS = NO;
				CLANG_CXX_LANGUAGE_STANDARD = "gnu++0x";
				CLANG_CXX_LIBRARY = "libc++";
				CLANG_ENABLE_MODULES = YES;
				CLANG_ENABLE_OBJC_ARC = YES;
				CLANG_WARN_BOOL_CONVERSION = YES;
				CLANG_WARN_CONSTANT_CONVERSION = YES;
				CLANG_WARN_DIRECT_OBJC_ISA_USAGE = YES_ERROR;
				CLANG_WARN_EMPTY_BODY = YES;
				CLANG_WARN_ENUM_CONVERSION = YES;
				CLANG_WARN_INT_CONVERSION = YES;
				CLANG_WARN_OBJC_ROOT_CLASS = YES_ERROR;
				CLANG_WARN_UNREACHABLE_CODE = YES;
				CLANG_WARN__DUPLICATE_METHOD_MATCH = YES;
				"CODE_SIGN_IDENTITY[sdk=iphoneos*]" = "iPhone Developer";
				COPY_PHASE_STRIP = NO;
				DEBUG_INFORMATION_FORMAT = "dwarf-with-dsym";
				ENABLE_NS_ASSERTIONS = NO;
				ENABLE_STRICT_OBJC_MSGSEND = YES;
				GCC_C_LANGUAGE_STANDARD = gnu99;
				GCC_NO_COMMON_BLOCKS = YES;
				GCC_WARN_64_TO_32_BIT_CONVERSION = YES;
				GCC_WARN_ABOUT_RETURN_TYPE = YES_ERROR;
				GCC_WARN_UNDECLARED_SELECTOR = YES;
				GCC_WARN_UNINITIALIZED_AUTOS = YES_AGGRESSIVE;
				GCC_WARN_UNUSED_FUNCTION = YES;
				GCC_WARN_UNUSED_VARIABLE = YES;
				IPHONEOS_DEPLOYMENT_TARGET = 8.3;
				MTL_ENABLE_DEBUG_INFO = NO;
				SDKROOT = iphoneos;
				VALIDATE_PRODUCT = YES;
			};
			name = Release;
		};
		607FACF31AFB9204008FA782 /* Debug */ = {
			isa = XCBuildConfiguration;
			baseConfigurationReference = FE25BEE8145C8B28AF2C3C5C /* Pods-HRLClassifier_Tests.debug.xcconfig */;
			buildSettings = {
				FRAMEWORK_SEARCH_PATHS = (
					"$(SDKROOT)/Developer/Library/Frameworks",
					"$(inherited)",
				);
				GCC_PREPROCESSOR_DEFINITIONS = (
					"DEBUG=1",
					"$(inherited)",
				);
				INFOPLIST_FILE = Tests/Info.plist;
				LD_RUNPATH_SEARCH_PATHS = "$(inherited) @executable_path/Frameworks @loader_path/Frameworks";
				PRODUCT_BUNDLE_IDENTIFIER = "org.cocoapods.$(PRODUCT_NAME:rfc1034identifier)";
				PRODUCT_NAME = "$(TARGET_NAME)";
				SWIFT_VERSION = 3.0;
			};
			name = Debug;
		};
		607FACF41AFB9204008FA782 /* Release */ = {
			isa = XCBuildConfiguration;
			baseConfigurationReference = BFF68A35DA9BC3940B685B15 /* Pods-HRLClassifier_Tests.release.xcconfig */;
			buildSettings = {
				FRAMEWORK_SEARCH_PATHS = (
					"$(SDKROOT)/Developer/Library/Frameworks",
					"$(inherited)",
				);
				INFOPLIST_FILE = Tests/Info.plist;
				LD_RUNPATH_SEARCH_PATHS = "$(inherited) @executable_path/Frameworks @loader_path/Frameworks";
				PRODUCT_BUNDLE_IDENTIFIER = "org.cocoapods.$(PRODUCT_NAME:rfc1034identifier)";
				PRODUCT_NAME = "$(TARGET_NAME)";
				SWIFT_VERSION = 3.0;
			};
			name = Release;
		};
/* End XCBuildConfiguration section */

/* Begin XCConfigurationList section */
		607FACCB1AFB9204008FA782 /* Build configuration list for PBXProject "HRLClassifier" */ = {
			isa = XCConfigurationList;
			buildConfigurations = (
				607FACED1AFB9204008FA782 /* Debug */,
				607FACEE1AFB9204008FA782 /* Release */,
			);
			defaultConfigurationIsVisible = 0;
			defaultConfigurationName = Release;
		};
		607FACF21AFB9204008FA782 /* Build configuration list for PBXNativeTarget "HRLClassifier_Tests" */ = {
			isa = XCConfigurationList;
			buildConfigurations = (
				607FACF31AFB9204008FA782 /* Debug */,
				607FACF41AFB9204008FA782 /* Release */,
			);
			defaultConfigurationIsVisible = 0;
			defaultConfigurationName = Release;
		};
/* End XCConfigurationList section */
	};
	rootObject = 607FACC81AFB9204008FA782 /* Project object */;
}
